{
  "name": "agent-scaffold",
  "version": "0.1.0",
  "lockfileVersion": 3,
  "requires": true,
  "packages": {
    "": {
      "name": "agent-scaffold",
      "version": "0.1.0",
      "dependencies": {
        "@ai-sdk/mcp": "1.0.14",
        "@openrouter/ai-sdk-provider": "2.9.1",
        "@restatedev/restate-sdk": "1.14.5",
        "@restatedev/vercel-ai-middleware": "0.3.1",
        "ai": "6.0.52",
        "superjson": "2.2.2",
        "zod": "4.4.3"
      }
    },
    "node_modules/@ai-sdk/gateway": {
      "version": "3.0.24",
      "resolved": "https://registry.npmjs.org/@ai-sdk/gateway/-/gateway-3.0.24.tgz",
      "integrity": "sha512-gf8AsKMZWlAQBbTYEUyj57AGmmpqXxY3iytVz4KBD2pRYsEPEHDpdLbSnYcYP06U60j6HeJTgkeaIjHxezvtEw==",
      "license": "Apache-2.0",
      "dependencies": {
        "@ai-sdk/provider": "3.0.5",
        "@ai-sdk/provider-utils": "4.0.10",
        "@vercel/oidc": "3.1.0"
      },
      "engines": {
        "node": ">=18"
      },
      "peerDependencies": {
        "zod": "^3.25.76 || ^4.1.8"
      }
    },
    "node_modules/@ai-sdk/mcp": {
      "version": "1.0.14",
      "resolved": "https://registry.npmjs.org/@ai-sdk/mcp/-/mcp-1.0.14.tgz",
      "integrity": "sha512-Rv8dORNPHH9RddwHfxBf9IBPSgmKa9YsWxnfH24PgnocDFE26Abqq8gPGMmFtN6gjZmC7qGrfqxTww+/dTtMCg==",
      "license": "Apache-2.0",
      "dependencies": {
        "@ai-sdk/provider": "3.0.5",
        "@ai-sdk/provider-utils": "4.0.10",
        "pkce-challenge": "^5.0.0"
      },
      "engines": {
        "node": ">=18"
      },
      "peerDependencies": {
        "zod": "^3.25.76 || ^4.1.8"
      }
    },
    "node_modules/@ai-sdk/provider": {
      "version": "3.0.5",
      "resolved": "https://registry.npmjs.org/@ai-sdk/provider/-/provider-3.0.5.tgz",
      "integrity": "sha512-2Xmoq6DBJqmSl80U6V9z5jJSJP7ehaJJQMy2iFUqTay06wdCqTnPVBBQbtEL8RCChenL+q5DC5H5WzU3vV3v8w==",
      "license": "Apache-2.0",
      "dependencies": {
        "json-schema": "^0.4.0"
      },
      "engines": {
        "node": ">=18"
      }
    },
    "node_modules/@ai-sdk/provider-utils": {
      "version": "4.0.10",
      "resolved": "https://registry.npmjs.org/@ai-sdk/provider-utils/-/provider-utils-4.0.10.tgz",
      "integrity": "sha512-VeDAiCH+ZK8Xs4hb9Cw7pHlujWNL52RKe8TExOkrw6Ir1AmfajBZTb9XUdKOZO08RwQElIKA8+Ltm+Gqfo8djQ==",
      "license": "Apache-2.0",
      "dependencies": {
        "@ai-sdk/provider": "3.0.5",
        "@standard-schema/spec": "^1.1.0",
        "eventsource-parser": "^3.0.6"
      },
      "engines": {
        "node": ">=18"
      },
      "peerDependencies": {
        "zod": "^3.25.76 || ^4.1.8"
      }
    },
    "node_modules/@openrouter/ai-sdk-provider": {
      "version": "2.9.1",
      "resolved": "https://registry.npmjs.org/@openrouter/ai-sdk-provider/-/ai-sdk-provider-2.9.1.tgz",
      "integrity": "sha512-okgq07Vdkro4CB5INbfhwa0e6VR1HS7sidNcfHN/MeXLJvX1JmQCff/vem6tcxwT9r1avyFrXSlfv9B28D/Pag==",
      "license": "Apache-2.0",
      "engines": {
        "node": ">=18"
      },
      "peerDependencies": {
        "ai": "^6.0.0",
        "zod": "^3.25.0 || ^4.0.0"
      }
    },
    "node_modules/@opentelemetry/api": {
      "version": "1.9.0",
      "resolved": "https://registry.npmjs.org/@opentelemetry/api/-/api-1.9.0.tgz",
      "integrity": "sha512-3giAOQvZiH5F9bMlMiv8+GSPMeqg0dbaeo58/0SlA9sxSqZhnUtxzX9/2FzyhS9sWQf5S0GJE0AKBrFqjpeYcg==",
      "license": "Apache-2.0",
      "engines": {
        "node": ">=8.0.0"
      }
    },
    "node_modules/@restatedev/restate-sdk": {
      "version": "1.14.5",
      "resolved": "https://registry.npmjs.org/@restatedev/restate-sdk/-/restate-sdk-1.14.5.tgz",
      "integrity": "sha512-RvuJU/Ji9MSgLkRBN1pLeGm/AdrpFl380SZZ0sPk/NWC9jpZyX2fntJx7NbIqfQ4PfoTm1/zPH8/gn7AQGuSaQ==",
      "license": "MIT",
      "dependencies": {
        "@restatedev/restate-sdk-core": "1.14.5"
      }
    },
    "node_modules/@restatedev/restate-sdk-core": {
      "version": "1.14.5",
      "resolved": "https://registry.npmjs.org/@restatedev/restate-sdk-core/-/restate-sdk-core-1.14.5.tgz",
      "integrity": "sha512-MvlRhyFhnNMDLFRz2t5TbhebIkIAI8oN2reRgoAj9OMADK0xn7mOuBbWHwGF+8MsFfBXmV1HrNqpAXltEeNzqg==",
      "license": "MIT"
    },
    "node_modules/@restatedev/vercel-ai-middleware": {
      "version": "0.3.1",
      "resolved": "https://registry.npmjs.org/@restatedev/vercel-ai-middleware/-/vercel-ai-middleware-0.3.1.tgz",
      "integrity": "sha512-6xN4qHvWs8/Adgz1HzKkDAalP7YAWzp6Op0mU0mXK5JSBkYOU0MHKxBmtda4S2xIVk/Mck9JmuqOYaM5fWwWQQ==",
      "peerDependencies": {
        "@ai-sdk/mcp": "1.0.14",
        "@restatedev/restate-sdk": "^1.10.2",
        "ai": "6.0.52",
        "superjson": "^2.2.2"
      }
    },
    "node_modules/@standard-schema/spec": {
      "version": "1.1.0",
      "resolved": "https://registry.npmjs.org/@standard-schema/spec/-/spec-1.1.0.tgz",
      "integrity": "sha512-l2aFy5jALhniG5HgqrD6jXLi/rUWrKvqN/qJx6yoJsgKhblVd+iqqU4RCXavm/jPityDo5TCvKMnpjKnOriy0w==",
      "license": "MIT"
    },
    "node_modules/@vercel/oidc": {
      "version": "3.1.0",
      "resolved": "https://registry.npmjs.org/@vercel/oidc/-/oidc-3.1.0.tgz",
      "integrity": "sha512-Fw28YZpRnA3cAHHDlkt7xQHiJ0fcL+NRcIqsocZQUSmbzeIKRpwttJjik5ZGanXP+vlA4SbTg+AbA3bP363l+w==",
      "license": "Apache-2.0",
      "engines": {
        "node": ">= 20"
      }
    },
    "node_modules/ai": {
      "version": "6.0.52",
      "resolved": "https://registry.npmjs.org/ai/-/ai-6.0.52.tgz",
      "integrity": "sha512-vw+i+a43iKQ6fzCHn+tBEEcaIYZUbwJEw+BaBOyHuj/ypd/ZQFlzhJB5EfsNEOxucclFI7WsXV5AoyqI+9ihqA==",
      "license": "Apache-2.0",
      "dependencies": {
        "@ai-sdk/gateway": "3.0.24",
        "@ai-sdk/provider": "3.0.5",
        "@ai-sdk/provider-utils": "4.0.10",
        "@opentelemetry/api": "1.9.0"
      },
      "engines": {
        "node": ">=18"
      },
      "peerDependencies": {
        "zod": "^3.25.76 || ^4.1.8"
      }
    },
    "node_modules/copy-anything": {
      "version": "3.0.5",
      "resolved": "https://registry.npmjs.org/copy-anything/-/copy-anything-3.0.5.tgz",
      "integrity": "sha512-yCEafptTtb4bk7GLEQoM8KVJpxAfdBJYaXyzQEgQQQgYrZiDp8SJmGKlYza6CYjEDNstAdNdKA3UuoULlEbS6w==",
      "license": "MIT",
      "dependencies": {
        "is-what": "^4.1.8"
      },
      "engines": {
        "node": ">=12.13"
      },
      "funding": {
        "url": "https://github.com/sponsors/mesqueeb"
      }
    },
    "node_modules/eventsource-parser": {
      "version": "3.1.0",
      "resolved": "https://registry.npmjs.org/eventsource-parser/-/eventsource-parser-3.1.0.tgz",
      "integrity": "sha512-kJezFj9YFAMLeORyi7aCLxLbD5/qWMQnoMVlVPyHIll7lgRJCc3JVln9Vgl9nwQi0YkMnhdGTMNn7CkRRAptMg==",
      "license": "MIT",
      "engines": {
        "node": ">=18.0.0"
      }
    },
    "node_modules/is-what": {
      "version": "4.1.16",
      "resolved": "https://registry.npmjs.org/is-what/-/is-what-4.1.16.tgz",
      "integrity": "sha512-ZhMwEosbFJkA0YhFnNDgTM4ZxDRsS6HqTo7qsZM08fehyRYIYa0yHu5R6mgo1n/8MgaPBXiPimPD77baVFYg+A==",
      "license": "MIT",
      "engines": {
        "node": ">=12.13"
      },
      "funding": {
        "url": "https://github.com/sponsors/mesqueeb"
      }
    },
    "node_modules/json-schema": {
      "version": "0.4.0",
      "resolved": "https://registry.npmjs.org/json-schema/-/json-schema-0.4.0.tgz",
      "integrity": "sha512-es94M3nTIfsEPisRafak+HDLfHXnKBhV3vU5eqPcS3flIWqcxJWgXHXiey3YrpaNsanY5ei1VoYEbOzijuq9BA==",
      "license": "(AFL-2.1 OR BSD-3-Clause)"
    },
    "node_modules/pkce-challenge": {
      "version": "5.0.1",
      "resolved": "https://registry.npmjs.org/pkce-challenge/-/pkce-challenge-5.0.1.tgz",
      "integrity": "sha512-wQ0b/W4Fr01qtpHlqSqspcj3EhBvimsdh0KlHhH8HRZnMsEa0ea2fTULOXOS9ccQr3om+GcGRk4e+isrZWV8qQ==",
      "license": "MIT",
      "engines": {
        "node": ">=16.20.0"
      }
    },
    "node_modules/superjson": {
      "version": "2.2.2",
      "resolved": "https://registry.npmjs.org/superjson/-/superjson-2.2.2.tgz",
      "integrity": "sha512-5JRxVqC8I8NuOUjzBbvVJAKNM8qoVuH0O77h4WInc/qC2q5IreqKxYwgkga3PfA22OayK2ikceb/B26dztPl+Q==",
      "license": "MIT",
      "dependencies": {
        "copy-anything": "^3.0.2"
      },
      "engines": {
        "node": ">=16"
      }
    },
    "node_modules/zod": {
      "version": "4.4.3",
      "resolved": "https://registry.npmjs.org/zod/-/zod-4.4.3.tgz",
      "integrity": "sha512-ytENFjIJFl2UwYglde2jchW2Hwm4GJFLDiSXWdTrJQBIN9Fcyp7n4DhxJEiWNAJMV1/BqWfW/kkg71UDcHJyTQ==",
      "license": "MIT",
      "funding": {
        "url": "https://github.com/sponsors/colinhacks"
      }
    }
  }
}
